{
  "name": "ai-coding-event-bridge-root",
  "version": "0.1.0",
  "lockfileVersion": 3,
  "requires": true,
  "packages": {
    "": {
      "name": "ai-coding-event-bridge-root",
      "version": "0.1.0",
      "workspaces": [
        "packages/*"
      ],
      "engines": {
        "node": ">=18"
      }
    },
    "node_modules/@sanqianx/ai-coding-event-bridge": {
      "resolved": "packages/core",
      "link": true
    },
    "node_modules/@sanqianx/ai-coding-event-bridge-ui": {
      "resolved": "packages/ui",
      "link": true
    },
    "packages/core": {
      "name": "@sanqianx/ai-coding-event-bridge",
      "version": "0.1.2",
      "license": "MIT",
      "engines": {
        "node": ">=18"
      }
    },
    "packages/ui": {
      "name": "@sanqianx/ai-coding-event-bridge-ui",
      "version": "0.1.2",
      "license": "MIT",
      "engines": {
        "node": ">=18"
      }
    }
  }
}
